
Microsoft Visual Studio Solution File, Format Version 12.00
# Visual Studio Version 16
VisualStudioVersion = 16.0.29306.81
MinimumVisualStudioVersion = 10.0.40219.1
Project("{9A19103F-16F7-4668-BE54-9A1E7A4F7556}") = "testMyself", "testMyself\testMyself.csproj", "{7C493027-0C73-4C3D-AAE4-95F09F0D2CF8}"
EndProject
Project("{FAE04EC0-301F-11D3-BF4B-00C04F79EFBC}") = "CompSys", "CompSys\CompSys.csproj", "{DD1263B3-C5A9-499B-B0A6-EEB07D2DD184}"
EndProject
Global
	GlobalSection(SolutionConfigurationPlatforms) = preSolution
		Debug|Any CPU = Debug|Any CPU
		Release|Any CPU = Release|Any CPU
	EndGlobalSection
	GlobalSection(ProjectConfigurationPlatforms) = postSolution
		{7C493027-0C73-4C3D-AAE4-95F09F0D2CF8}.Debug|Any CPU.ActiveCfg = Debug|Any CPU
		{7C493027-0C73-4C3D-AAE4-95F09F0D2CF8}.Debug|Any CPU.Build.0 = Debug|Any CPU
		{7C493027-0C73-4C3D-AAE4-95F09F0D2CF8}.Release|Any CPU.ActiveCfg = Release|Any CPU
		{7C493027-0C73-4C3D-AAE4-95F09F0D2CF8}.Release|Any CPU.Build.0 = Release|Any CPU
		{DD1263B3-C5A9-499B-B0A6-EEB07D2DD184}.Debug|Any CPU.ActiveCfg = Debug|Any CPU
		{DD1263B3-C5A9-499B-B0A6-EEB07D2DD184}.Debug|Any CPU.Build.0 = Debug|Any CPU
		{DD1263B3-C5A9-499B-B0A6-EEB07D2DD184}.Release|Any CPU.ActiveCfg = Release|Any CPU
		{DD1263B3-C5A9-499B-B0A6-EEB07D2DD184}.Release|Any CPU.Build.0 = Release|Any CPU
	EndGlobalSection
	GlobalSection(SolutionProperties) = preSolution
		HideSolutionNode = FALSE
	EndGlobalSection
	GlobalSection(ExtensibilityGlobals) = postSolution
		SolutionGuid = {369EAE35-543A-4053-9FE1-9DC3F60AAA91}
	EndGlobalSection
EndGlobal
